
Microsoft Visual Studio Solution File, Format Version 12.00
# Visual Studio 15
Project("{FAE04EC0-301F-11D3-BF4B-00C04F79EFBC}") = "Unity.XR.Interaction.Toolkit.Samples.StarterAssets", "Unity.XR.Interaction.Toolkit.Samples.StarterAssets.csproj", "{398385D7-F8E7-38F3-C044-AEC6F2AB4379}"
EndProject
Project("{FAE04EC0-301F-11D3-BF4B-00C04F79EFBC}") = "Assembly-CSharp", "Assembly-CSharp.csproj", "{0F396F9E-6577-99B3-6DAB-DECB42A5FCA1}"
EndProject
Project("{FAE04EC0-301F-11D3-BF4B-00C04F79EFBC}") = "Unity.XR.Interaction.Toolkit.Samples.StarterAssets.Editor", "Unity.XR.Interaction.Toolkit.Samples.StarterAssets.Editor.csproj", "{F72F5531-B3FE-8E17-2AEE-9CB9540F3F29}"
EndProject
Global
	GlobalSection(SolutionConfigurationPlatforms) = preSolution
		Debug|Any CPU = Debug|Any CPU
		Release|Any CPU = Release|Any CPU
	EndGlobalSection
	GlobalSection(ProjectConfigurationPlatforms) = postSolution
		{398385D7-F8E7-38F3-C044-AEC6F2AB4379}.Debug|Any CPU.ActiveCfg = Debug|Any CPU
		{398385D7-F8E7-38F3-C044-AEC6F2AB4379}.Debug|Any CPU.Build.0 = Debug|Any CPU
		{398385D7-F8E7-38F3-C044-AEC6F2AB4379}.Release|Any CPU.ActiveCfg = Release|Any CPU
		{398385D7-F8E7-38F3-C044-AEC6F2AB4379}.Release|Any CPU.Build.0 = Release|Any CPU
		{0F396F9E-6577-99B3-6DAB-DECB42A5FCA1}.Debug|Any CPU.ActiveCfg = Debug|Any CPU
		{0F396F9E-6577-99B3-6DAB-DECB42A5FCA1}.Debug|Any CPU.Build.0 = Debug|Any CPU
		{0F396F9E-6577-99B3-6DAB-DECB42A5FCA1}.Release|Any CPU.ActiveCfg = Release|Any CPU
		{0F396F9E-6577-99B3-6DAB-DECB42A5FCA1}.Release|Any CPU.Build.0 = Release|Any CPU
		{F72F5531-B3FE-8E17-2AEE-9CB9540F3F29}.Debug|Any CPU.ActiveCfg = Debug|Any CPU
		{F72F5531-B3FE-8E17-2AEE-9CB9540F3F29}.Debug|Any CPU.Build.0 = Debug|Any CPU
		{F72F5531-B3FE-8E17-2AEE-9CB9540F3F29}.Release|Any CPU.ActiveCfg = Release|Any CPU
		{F72F5531-B3FE-8E17-2AEE-9CB9540F3F29}.Release|Any CPU.Build.0 = Release|Any CPU
	EndGlobalSection
	GlobalSection(SolutionProperties) = preSolution
		HideSolutionNode = FALSE
	EndGlobalSection
EndGlobal
