
Microsoft Visual Studio Solution File, Format Version 11.00
# Visual Studio 2010
Project("{FAE04EC0-301F-11D3-BF4B-00C04F79EFBC}") = "Unity.Timeline", "Unity.Timeline.csproj", "{79afbacf-dd5c-ca96-0144-e127aac961e7}"
EndProject
Project("{FAE04EC0-301F-11D3-BF4B-00C04F79EFBC}") = "Unity.InputSystem", "Unity.InputSystem.csproj", "{f0d73798-6be3-a6ac-fcdd-f2449ff9ff62}"
EndProject
Project("{FAE04EC0-301F-11D3-BF4B-00C04F79EFBC}") = "Unity.ShaderGraph.Editor", "Unity.ShaderGraph.Editor.csproj", "{e9ac8f76-2c91-e25e-68e7-dc2d96844eb2}"
EndProject
Project("{FAE04EC0-301F-11D3-BF4B-00C04F79EFBC}") = "Unity.XR.Management", "Unity.XR.Management.csproj", "{714b9b02-fc27-fe13-ffc3-5ffb6ac368be}"
EndProject
Project("{FAE04EC0-301F-11D3-BF4B-00C04F79EFBC}") = "Unity.VisualScripting.Flow", "Unity.VisualScripting.Flow.csproj", "{509eb030-9ddb-476b-4d52-f246ddb4537e}"
EndProject
Project("{FAE04EC0-301F-11D3-BF4B-00C04F79EFBC}") = "Unity.XR.Interaction.Toolkit", "Unity.XR.Interaction.Toolkit.csproj", "{5ce224c1-effe-bd2e-ad36-6f2be71a32e7}"
EndProject
Project("{FAE04EC0-301F-11D3-BF4B-00C04F79EFBC}") = "Unity.RenderPipelines.Universal.Runtime", "Unity.RenderPipelines.Universal.Runtime.csproj", "{5117f662-d0a1-3489-2ae3-1a90b4cb6590}"
EndProject
Project("{FAE04EC0-301F-11D3-BF4B-00C04F79EFBC}") = "UnityEditor.UI", "UnityEditor.UI.csproj", "{996b0f4c-63ff-c7f8-b0ee-736b71557bbd}"
EndProject
Project("{FAE04EC0-301F-11D3-BF4B-00C04F79EFBC}") = "Unity.XR.Interaction.Toolkit.Editor", "Unity.XR.Interaction.Toolkit.Editor.csproj", "{5971991e-9306-aa73-c502-947500ce0827}"
EndProject
Project("{FAE04EC0-301F-11D3-BF4B-00C04F79EFBC}") = "Unity.Timeline.Editor", "Unity.Timeline.Editor.csproj", "{577e6957-29c3-6d42-586e-37017bf6ffd9}"
EndProject
Project("{FAE04EC0-301F-11D3-BF4B-00C04F79EFBC}") = "Unity.PlasticSCM.Editor", "Unity.PlasticSCM.Editor.csproj", "{0858ad0b-5f98-1313-ce9c-b227cc108d8a}"
EndProject
Project("{FAE04EC0-301F-11D3-BF4B-00C04F79EFBC}") = "Unity.RenderPipelines.Core.Runtime", "Unity.RenderPipelines.Core.Runtime.csproj", "{6543f3e7-3f81-7947-6810-d441c96c08b8}"
EndProject
Project("{FAE04EC0-301F-11D3-BF4B-00C04F79EFBC}") = "Unity.XR.CoreUtils.Editor", "Unity.XR.CoreUtils.Editor.csproj", "{ca13e3d1-7665-a920-b321-3a0db6d8c8e9}"
EndProject
Project("{FAE04EC0-301F-11D3-BF4B-00C04F79EFBC}") = "Unity.Mathematics", "Unity.Mathematics.csproj", "{abce05a2-a697-3558-5905-dd7ff37767af}"
EndProject
Project("{FAE04EC0-301F-11D3-BF4B-00C04F79EFBC}") = "Unity.RenderPipelines.Core.Editor", "Unity.RenderPipelines.Core.Editor.csproj", "{7b0e2531-be8d-4d42-d151-62725b999b93}"
EndProject
Project("{FAE04EC0-301F-11D3-BF4B-00C04F79EFBC}") = "Unity.VisualScripting.Core.Editor", "Unity.VisualScripting.Core.Editor.csproj", "{35805938-3c01-e49e-d9cc-26e7e536c7df}"
EndProject
Project("{FAE04EC0-301F-11D3-BF4B-00C04F79EFBC}") = "UnityEditor.TestRunner", "UnityEditor.TestRunner.csproj", "{e6c669b1-d341-1369-4d65-a76363196127}"
EndProject
Project("{FAE04EC0-301F-11D3-BF4B-00C04F79EFBC}") = "Unity.XR.CoreUtils", "Unity.XR.CoreUtils.csproj", "{d2bdc7e3-6de6-08a9-2bc6-c9e3f9857fb9}"
EndProject
Project("{FAE04EC0-301F-11D3-BF4B-00C04F79EFBC}") = "Unity.RenderPipelines.Universal.Editor", "Unity.RenderPipelines.Universal.Editor.csproj", "{0186a7d7-ed9a-cda9-f8ba-63b1ba968f86}"
EndProject
Project("{FAE04EC0-301F-11D3-BF4B-00C04F79EFBC}") = "Unity.TextMeshPro.Editor", "Unity.TextMeshPro.Editor.csproj", "{32a46a55-2158-1d16-4a37-8b71a716089c}"
EndProject
Project("{FAE04EC0-301F-11D3-BF4B-00C04F79EFBC}") = "Unity.VisualScripting.Flow.Editor", "Unity.VisualScripting.Flow.Editor.csproj", "{79948eba-e956-ae83-ab9d-d41186e3ef54}"
EndProject
Project("{FAE04EC0-301F-11D3-BF4B-00C04F79EFBC}") = "UnityEngine.TestRunner", "UnityEngine.TestRunner.csproj", "{33a49392-ddd4-b2e4-1c54-e94b8dc03961}"
EndProject
Project("{FAE04EC0-301F-11D3-BF4B-00C04F79EFBC}") = "Unity.VisualScripting.Core", "Unity.VisualScripting.Core.csproj", "{af4deae2-cd71-3ea8-1394-5f8d919c5f69}"
EndProject
Project("{FAE04EC0-301F-11D3-BF4B-00C04F79EFBC}") = "Unity.Searcher.Editor", "Unity.Searcher.Editor.csproj", "{fe44ba1c-e1df-9b63-9258-c6a97686737a}"
EndProject
Project("{FAE04EC0-301F-11D3-BF4B-00C04F79EFBC}") = "Unity.XR.Oculus", "Unity.XR.Oculus.csproj", "{e4a0b8d0-1c91-97c5-8873-da3ac2f41bd9}"
EndProject
Project("{FAE04EC0-301F-11D3-BF4B-00C04F79EFBC}") = "Unity.Burst", "Unity.Burst.csproj", "{e55821b4-ce31-e0c8-159f-4b660881a737}"
EndProject
Project("{FAE04EC0-301F-11D3-BF4B-00C04F79EFBC}") = "Unity.Tutorials.Core.Editor", "Unity.Tutorials.Core.Editor.csproj", "{a96eb2f0-cbe0-0536-a700-515fce72fff8}"
EndProject
Project("{FAE04EC0-301F-11D3-BF4B-00C04F79EFBC}") = "Unity.VisualStudio.Editor", "Unity.VisualStudio.Editor.csproj", "{3a5ee811-7b41-455f-650b-42a736376dce}"
EndProject
Project("{FAE04EC0-301F-11D3-BF4B-00C04F79EFBC}") = "Unity.XR.Oculus.Editor", "Unity.XR.Oculus.Editor.csproj", "{6a18b7d4-92bf-1264-72c4-5bbbb2fdf662}"
EndProject
Project("{FAE04EC0-301F-11D3-BF4B-00C04F79EFBC}") = "PPv2URPConverters", "PPv2URPConverters.csproj", "{81d22968-c03d-48e4-bffa-70111b606538}"
EndProject
Project("{FAE04EC0-301F-11D3-BF4B-00C04F79EFBC}") = "Unity.XR.OpenXR", "Unity.XR.OpenXR.csproj", "{ac1fd578-5a28-3930-8150-eca21a7f6625}"
EndProject
Project("{FAE04EC0-301F-11D3-BF4B-00C04F79EFBC}") = "Unity.TestTools.CodeCoverage.Editor.OpenCover.Model", "Unity.TestTools.CodeCoverage.Editor.OpenCover.Model.csproj", "{d863ff8d-630d-44f4-b689-045348d8635d}"
EndProject
Project("{FAE04EC0-301F-11D3-BF4B-00C04F79EFBC}") = "Unity.Rider.Editor", "Unity.Rider.Editor.csproj", "{e3bed553-6121-79e3-cd78-3ca6188986a5}"
EndProject
Project("{FAE04EC0-301F-11D3-BF4B-00C04F79EFBC}") = "Unity.XR.OpenXR.Editor", "Unity.XR.OpenXR.Editor.csproj", "{74de886e-7e76-0775-c320-c4fa177180fa}"
EndProject
Project("{FAE04EC0-301F-11D3-BF4B-00C04F79EFBC}") = "Unity.VisualScripting.State.Editor", "Unity.VisualScripting.State.Editor.csproj", "{e56cf825-076d-ecff-d8f9-6e5dc15bd757}"
EndProject
Project("{FAE04EC0-301F-11D3-BF4B-00C04F79EFBC}") = "UnityEngine.UI", "UnityEngine.UI.csproj", "{042cf6f7-ae9b-0442-aa62-117dcfc54318}"
EndProject
Project("{FAE04EC0-301F-11D3-BF4B-00C04F79EFBC}") = "Unity.TestTools.CodeCoverage.Editor", "Unity.TestTools.CodeCoverage.Editor.csproj", "{3d9c6216-c323-1b04-0e3d-2c74ecb911a1}"
EndProject
Project("{FAE04EC0-301F-11D3-BF4B-00C04F79EFBC}") = "Unity.Burst.CodeGen", "Unity.Burst.CodeGen.csproj", "{de468b7f-8fb4-97a7-054f-6e266031c4af}"
EndProject
Project("{FAE04EC0-301F-11D3-BF4B-00C04F79EFBC}") = "Unity.RenderPipeline.Universal.ShaderLibrary", "Unity.RenderPipeline.Universal.ShaderLibrary.csproj", "{3bb378dc-cd82-6e64-08c0-528f89ae73d2}"
EndProject
Project("{FAE04EC0-301F-11D3-BF4B-00C04F79EFBC}") = "Unity.VisualScripting.State", "Unity.VisualScripting.State.csproj", "{59413d97-3ebc-09c6-5a84-63c17ba78c7b}"
EndProject
Project("{FAE04EC0-301F-11D3-BF4B-00C04F79EFBC}") = "Unity.TextMeshPro", "Unity.TextMeshPro.csproj", "{75e47622-6150-15b5-36f7-3e516fd6a603}"
EndProject
Project("{FAE04EC0-301F-11D3-BF4B-00C04F79EFBC}") = "Unity.XR.Management.Editor", "Unity.XR.Management.Editor.csproj", "{0f18290c-6475-d96c-86da-546948db1c7d}"
EndProject
Project("{FAE04EC0-301F-11D3-BF4B-00C04F79EFBC}") = "Unity.Performance.Profile-Analyzer.Editor", "Unity.Performance.Profile-Analyzer.Editor.csproj", "{f616e8fb-a1e8-9773-702d-7f052b560286}"
EndProject
Project("{FAE04EC0-301F-11D3-BF4B-00C04F79EFBC}") = "Unity.VisualScripting.SettingsProvider.Editor", "Unity.VisualScripting.SettingsProvider.Editor.csproj", "{3255fdb0-bb31-6d7c-3447-28e18541a310}"
EndProject
Project("{FAE04EC0-301F-11D3-BF4B-00C04F79EFBC}") = "Unity.VSCode.Editor", "Unity.VSCode.Editor.csproj", "{a035f149-bffc-403a-996b-2b7abb57f85b}"
EndProject
Project("{FAE04EC0-301F-11D3-BF4B-00C04F79EFBC}") = "Unity.Burst.Editor", "Unity.Burst.Editor.csproj", "{f4fd70c6-32e3-e1ef-3167-e66fbf6fd4cb}"
EndProject
Project("{FAE04EC0-301F-11D3-BF4B-00C04F79EFBC}") = "Unity.TestTools.CodeCoverage.Editor.OpenCover.Mono.Reflection", "Unity.TestTools.CodeCoverage.Editor.OpenCover.Mono.Reflection.csproj", "{dbf9b450-4cbe-28e7-bc1e-0a0e56fbf36c}"
EndProject
Project("{FAE04EC0-301F-11D3-BF4B-00C04F79EFBC}") = "Unity.XR.Interaction.Toolkit.Samples.StarterAssets", "Unity.XR.Interaction.Toolkit.Samples.StarterAssets.csproj", "{06257f7f-746a-69af-af22-6dcd684b3ddd}"
EndProject
Project("{FAE04EC0-301F-11D3-BF4B-00C04F79EFBC}") = "Unity.Settings.Editor", "Unity.Settings.Editor.csproj", "{513d05d1-a221-662a-431a-ce4abc149087}"
EndProject
Project("{FAE04EC0-301F-11D3-BF4B-00C04F79EFBC}") = "Unity.InternalAPIEngineBridge.007", "Unity.InternalAPIEngineBridge.007.csproj", "{b99a4a26-92e4-d203-c49b-f6e6455302f0}"
EndProject
Project("{FAE04EC0-301F-11D3-BF4B-00C04F79EFBC}") = "Assembly-CSharp", "Assembly-CSharp.csproj", "{5ee1fb07-d2e5-df48-3b66-1b9d776967ed}"
EndProject
Project("{FAE04EC0-301F-11D3-BF4B-00C04F79EFBC}") = "Unity.InternalAPIEditorBridge.007", "Unity.InternalAPIEditorBridge.007.csproj", "{ae475494-6a77-d13c-0484-9e1f87737d43}"
EndProject
Project("{FAE04EC0-301F-11D3-BF4B-00C04F79EFBC}") = "UnityEngine.SpatialTracking", "UnityEngine.SpatialTracking.csproj", "{cd0af8cb-2fee-6f33-6b98-ac785ebd1185}"
EndProject
Project("{FAE04EC0-301F-11D3-BF4B-00C04F79EFBC}") = "Unity.InputSystem.ForUI", "Unity.InputSystem.ForUI.csproj", "{083c17ba-1e99-8f1c-2709-c760b24bcf1f}"
EndProject
Project("{FAE04EC0-301F-11D3-BF4B-00C04F79EFBC}") = "Unity.Mathematics.Editor", "Unity.Mathematics.Editor.csproj", "{3ed4d3f1-f4e2-ecba-7761-11d00eac7401}"
EndProject
Project("{FAE04EC0-301F-11D3-BF4B-00C04F79EFBC}") = "Unity.Tutorials.Core", "Unity.Tutorials.Core.csproj", "{ac082a28-b43e-2153-0dfa-4a70c02829fd}"
EndProject
Project("{FAE04EC0-301F-11D3-BF4B-00C04F79EFBC}") = "UnityEditor.SpatialTracking", "UnityEditor.SpatialTracking.csproj", "{04fa16dc-8766-8809-3996-f3fe1a687993}"
EndProject
Project("{FAE04EC0-301F-11D3-BF4B-00C04F79EFBC}") = "Unity.XR.OpenXR.Features.MetaQuestSupport.Editor", "Unity.XR.OpenXR.Features.MetaQuestSupport.Editor.csproj", "{00a1de71-32f2-96e2-9120-0dbfe0ca2d13}"
EndProject
Project("{FAE04EC0-301F-11D3-BF4B-00C04F79EFBC}") = "Unity.InputSystem.TestFramework", "Unity.InputSystem.TestFramework.csproj", "{766b5a63-2b0b-c612-d529-0132964ec2ad}"
EndProject
Project("{FAE04EC0-301F-11D3-BF4B-00C04F79EFBC}") = "Unity.XR.OpenXR.Features.RuntimeDebugger.Editor", "Unity.XR.OpenXR.Features.RuntimeDebugger.Editor.csproj", "{56049b63-709c-0a40-f319-ce38238bc02f}"
EndProject
Project("{FAE04EC0-301F-11D3-BF4B-00C04F79EFBC}") = "UnityEditor.XR.LegacyInputHelpers", "UnityEditor.XR.LegacyInputHelpers.csproj", "{38baa9a8-b5c5-3c52-4edc-78f6027f9d55}"
EndProject
Project("{FAE04EC0-301F-11D3-BF4B-00C04F79EFBC}") = "Unity.ShaderGraph.Utilities", "Unity.ShaderGraph.Utilities.csproj", "{3115e043-3dfd-2e8d-6e88-706206ffee49}"
EndProject
Project("{FAE04EC0-301F-11D3-BF4B-00C04F79EFBC}") = "Unity.VisualScripting.Shared.Editor", "Unity.VisualScripting.Shared.Editor.csproj", "{8dac584c-5312-1b50-0e59-a7124f958bde}"
EndProject
Project("{FAE04EC0-301F-11D3-BF4B-00C04F79EFBC}") = "Unity.XR.OpenXR.Features.OculusQuestSupport.Editor", "Unity.XR.OpenXR.Features.OculusQuestSupport.Editor.csproj", "{dbfd1f8e-525a-1328-feb1-28889212b2c5}"
EndProject
Project("{FAE04EC0-301F-11D3-BF4B-00C04F79EFBC}") = "Unity.EditorCoroutines.Editor", "Unity.EditorCoroutines.Editor.csproj", "{d170b0cf-2c8a-eca4-95a4-77c0c92d2e24}"
EndProject
Project("{FAE04EC0-301F-11D3-BF4B-00C04F79EFBC}") = "Unity.XR.OpenXR.Features.ConformanceAutomation", "Unity.XR.OpenXR.Features.ConformanceAutomation.csproj", "{c9e1e594-7ede-c4b3-3d8f-b5be0406d77d}"
EndProject
Project("{FAE04EC0-301F-11D3-BF4B-00C04F79EFBC}") = "UnityEngine.XR.LegacyInputHelpers", "UnityEngine.XR.LegacyInputHelpers.csproj", "{97754c22-9242-e32a-34cf-fbf915856e6f}"
EndProject
Project("{FAE04EC0-301F-11D3-BF4B-00C04F79EFBC}") = "Unity.XR.OpenXR.Features.OculusQuestSupport", "Unity.XR.OpenXR.Features.OculusQuestSupport.csproj", "{55d905b3-e277-9531-ccec-6ecfb4ac254e}"
EndProject
Project("{FAE04EC0-301F-11D3-BF4B-00C04F79EFBC}") = "Unity.XR.OpenXR.Features.MockRuntime", "Unity.XR.OpenXR.Features.MockRuntime.csproj", "{310c704b-7749-3890-25bb-0570734fe2e7}"
EndProject
Project("{FAE04EC0-301F-11D3-BF4B-00C04F79EFBC}") = "Unity.XR.OpenXR.Features.RuntimeDebugger", "Unity.XR.OpenXR.Features.RuntimeDebugger.csproj", "{6a5f891f-9649-2db8-08e0-edd56466dbb9}"
EndProject
Project("{FAE04EC0-301F-11D3-BF4B-00C04F79EFBC}") = "Unity.XR.OpenXR.Features.MetaQuestSupport", "Unity.XR.OpenXR.Features.MetaQuestSupport.csproj", "{443ef3d3-a8c3-21b8-0919-a7d8d339cd9a}"
EndProject
Project("{FAE04EC0-301F-11D3-BF4B-00C04F79EFBC}") = "Unity.XR.Interaction.Toolkit.Samples.StarterAssets.Editor", "Unity.XR.Interaction.Toolkit.Samples.StarterAssets.Editor.csproj", "{dc6a919a-1d20-53af-baa7-3d5842a4cb21}"
EndProject
Project("{FAE04EC0-301F-11D3-BF4B-00C04F79EFBC}") = "Unity.CollabProxy.Editor", "Unity.CollabProxy.Editor.csproj", "{8a1b22ba-130f-7abe-1844-21b1a83cc541}"
EndProject
Project("{FAE04EC0-301F-11D3-BF4B-00C04F79EFBC}") = "Unity.RenderPipelines.ShaderGraph.ShaderGraphLibrary", "Unity.RenderPipelines.ShaderGraph.ShaderGraphLibrary.csproj", "{7996da81-e9e0-05d0-103a-b62702c99267}"
EndProject
Project("{FAE04EC0-301F-11D3-BF4B-00C04F79EFBC}") = "Unity.RenderPipelines.Core.ShaderLibrary", "Unity.RenderPipelines.Core.ShaderLibrary.csproj", "{88164abe-15dc-9ed7-8fec-c752ba8bed84}"
EndProject
Project("{FAE04EC0-301F-11D3-BF4B-00C04F79EFBC}") = "Unity.RenderPipelines.Universal.Shaders", "Unity.RenderPipelines.Universal.Shaders.csproj", "{95048d97-2c8c-aa2a-2b68-244b80a3d5f8}"
EndProject
Project("{FAE04EC0-301F-11D3-BF4B-00C04F79EFBC}") = "UnityEngine.UI.Tests", "UnityEngine.UI.Tests.csproj", "{72992462-569d-491d-4267-d56c60b00633}"
EndProject
Project("{FAE04EC0-301F-11D3-BF4B-00C04F79EFBC}") = "Assembly-CSharp-Editor", "Assembly-CSharp-Editor.csproj", "{cec0f697-bed7-61e4-a5b6-4c06690cd0d5}"
EndProject
Project("{FAE04EC0-301F-11D3-BF4B-00C04F79EFBC}") = "Unity.XR.OpenXR.Tests", "Unity.XR.OpenXR.Tests.csproj", "{3583d6e5-09e2-12fc-4d30-b3355bee3006}"
EndProject
Project("{FAE04EC0-301F-11D3-BF4B-00C04F79EFBC}") = "Unity.Burst.Tests.UnitTests", "Unity.Burst.Tests.UnitTests.csproj", "{73c2d023-8693-d9ff-3016-f2f76040ee56}"
EndProject
Project("{FAE04EC0-301F-11D3-BF4B-00C04F79EFBC}") = "UnityEditor.UI.EditorTests", "UnityEditor.UI.EditorTests.csproj", "{45fcd962-acce-8db6-3f3b-52e28bb82743}"
EndProject
Project("{FAE04EC0-301F-11D3-BF4B-00C04F79EFBC}") = "Unity.Mathematics.Tests", "Unity.Mathematics.Tests.csproj", "{31b32ee6-3a73-07f6-f0ab-569970680f62}"
EndProject
Project("{FAE04EC0-301F-11D3-BF4B-00C04F79EFBC}") = "Unity.TextMeshPro.Tests", "Unity.TextMeshPro.Tests.csproj", "{84bc53bf-1fd0-b659-caf7-7f516b37328f}"
EndProject
Project("{FAE04EC0-301F-11D3-BF4B-00C04F79EFBC}") = "Unity.XR.Management.TestPackage", "Unity.XR.Management.TestPackage.csproj", "{5fba2a4d-26e6-dcc5-7eec-30ed6f7fbbb0}"
EndProject
Project("{FAE04EC0-301F-11D3-BF4B-00C04F79EFBC}") = "Unity.XR.CoreUtils.Tests", "Unity.XR.CoreUtils.Tests.csproj", "{83249286-00a8-20b2-1206-906ade358f8c}"
EndProject
Project("{FAE04EC0-301F-11D3-BF4B-00C04F79EFBC}") = "Unity.RenderPipelines.Core.Editor.Tests", "Unity.RenderPipelines.Core.Editor.Tests.csproj", "{86c538bf-4d1c-842d-f9f6-e224030d2e4e}"
EndProject
Project("{FAE04EC0-301F-11D3-BF4B-00C04F79EFBC}") = "Unity.Tutorials.Core.Editor.Tests", "Unity.Tutorials.Core.Editor.Tests.csproj", "{6caadd38-1c63-2b5f-98a8-4c6309235c2e}"
EndProject
Project("{FAE04EC0-301F-11D3-BF4B-00C04F79EFBC}") = "Unity.RenderPipelines.Core.Runtime.Tests", "Unity.RenderPipelines.Core.Runtime.Tests.csproj", "{80dcfa1e-879b-4257-c836-0cbf20ef4c51}"
EndProject
Project("{FAE04EC0-301F-11D3-BF4B-00C04F79EFBC}") = "Unity.XR.Interaction.Toolkit.Editor.Tests", "Unity.XR.Interaction.Toolkit.Editor.Tests.csproj", "{5bb2d2f6-5c7f-688b-ca7a-de2babc836e2}"
EndProject
Project("{FAE04EC0-301F-11D3-BF4B-00C04F79EFBC}") = "Unity.Burst.Editor.Tests", "Unity.Burst.Editor.Tests.csproj", "{93b7ab52-a9ee-e50b-cfef-74552a505497}"
EndProject
Project("{FAE04EC0-301F-11D3-BF4B-00C04F79EFBC}") = "Unity.Searcher.EditorTests", "Unity.Searcher.EditorTests.csproj", "{64839b54-8c76-dc99-d98c-f7db926497c5}"
EndProject
Project("{FAE04EC0-301F-11D3-BF4B-00C04F79EFBC}") = "Unity.XR.Management.TestPackage.Editor", "Unity.XR.Management.TestPackage.Editor.csproj", "{0a53f05c-fde3-36b3-475a-ccef370d9975}"
EndProject
Project("{FAE04EC0-301F-11D3-BF4B-00C04F79EFBC}") = "Unity.RenderPipelines.Universal.Runtime.Tests", "Unity.RenderPipelines.Universal.Runtime.Tests.csproj", "{31233f51-2f31-e552-623d-158b7e6e7bc6}"
EndProject
Project("{FAE04EC0-301F-11D3-BF4B-00C04F79EFBC}") = "Unity.XR.OpenXR.Tests.Editor", "Unity.XR.OpenXR.Tests.Editor.csproj", "{15193bc2-d967-8cf8-e579-e25d37b1a09e}"
EndProject
Project("{FAE04EC0-301F-11D3-BF4B-00C04F79EFBC}") = "DocCodeExamples", "DocCodeExamples.csproj", "{f6c57173-3b4a-05f5-63e9-2f11f1c243cc}"
EndProject
Project("{FAE04EC0-301F-11D3-BF4B-00C04F79EFBC}") = "Unity.RenderPipelines.Universal.Editor.Tests", "Unity.RenderPipelines.Universal.Editor.Tests.csproj", "{918b6e7c-9b8b-2480-2dbf-99bc353cd9d8}"
EndProject
Project("{FAE04EC0-301F-11D3-BF4B-00C04F79EFBC}") = "Unity.ShaderGraph.Editor.Tests", "Unity.ShaderGraph.Editor.Tests.csproj", "{e1027c10-a82c-7b92-54dd-4af75ce4ccfb}"
EndProject
Project("{FAE04EC0-301F-11D3-BF4B-00C04F79EFBC}") = "Unity.XR.Management.EditorTests", "Unity.XR.Management.EditorTests.csproj", "{23a1bbc5-e622-bcce-0133-fa3379b62d81}"
EndProject
Project("{FAE04EC0-301F-11D3-BF4B-00C04F79EFBC}") = "Unity.XR.Management.Tests", "Unity.XR.Management.Tests.csproj", "{eee934c0-3e32-f57e-38d5-f34d3d6d7edb}"
EndProject
Project("{FAE04EC0-301F-11D3-BF4B-00C04F79EFBC}") = "Unity.TestTools.CodeCoverage.Editor.Compatibility", "Unity.TestTools.CodeCoverage.Editor.Compatibility.csproj", "{dd8d8605-910a-b61b-945f-851543c37626}"
EndProject
Project("{FAE04EC0-301F-11D3-BF4B-00C04F79EFBC}") = "UnityEditor.XR.LegacyInputHelpers.Tests", "UnityEditor.XR.LegacyInputHelpers.Tests.csproj", "{0d215e6c-dad1-f3f1-d8c8-b444eea0b5af}"
EndProject
Project("{FAE04EC0-301F-11D3-BF4B-00C04F79EFBC}") = "Unity.TextMeshPro.Editor.Tests", "Unity.TextMeshPro.Editor.Tests.csproj", "{1b85a75a-d4fc-7837-463a-c885faef232b}"
EndProject
Project("{FAE04EC0-301F-11D3-BF4B-00C04F79EFBC}") = "Unity.XR.CoreUtils.EditorTests", "Unity.XR.CoreUtils.EditorTests.csproj", "{b6d66797-8e27-b933-09b7-ea35ba51f352}"
EndProject
Project("{FAE04EC0-301F-11D3-BF4B-00C04F79EFBC}") = "Unity.InputSystem.IntegrationTests", "Unity.InputSystem.IntegrationTests.csproj", "{be020107-d687-b9d4-4d79-1f46799ec2e5}"
EndProject
Project("{FAE04EC0-301F-11D3-BF4B-00C04F79EFBC}") = "Unity.Settings.Tests", "Unity.Settings.Tests.csproj", "{62431b05-dedb-ef0a-8be1-b079a00039e3}"
EndProject
Project("{FAE04EC0-301F-11D3-BF4B-00C04F79EFBC}") = "UnityEngine.SpatialTracking.Tests", "UnityEngine.SpatialTracking.Tests.csproj", "{951195ce-d5e7-fab4-5430-68305662b99e}"
EndProject
Project("{FAE04EC0-301F-11D3-BF4B-00C04F79EFBC}") = "Unity.XR.TestSupport", "Unity.XR.TestSupport.csproj", "{a39f0e77-0714-f797-25b6-68c392b106dd}"
EndProject
Project("{FAE04EC0-301F-11D3-BF4B-00C04F79EFBC}") = "Unity.XR.Management.Tests.Standalone", "Unity.XR.Management.Tests.Standalone.csproj", "{8a650fa5-93b1-a81a-f376-71662070c02f}"
EndProject
Project("{FAE04EC0-301F-11D3-BF4B-00C04F79EFBC}") = "Unity.Performance.Profile-Analyzer.EditorTests", "Unity.Performance.Profile-Analyzer.EditorTests.csproj", "{add35a07-9537-4cd1-5e47-43d9b450de76}"
EndProject
Project("{FAE04EC0-301F-11D3-BF4B-00C04F79EFBC}") = "Unity.Tutorials.Core.Tests", "Unity.Tutorials.Core.Tests.csproj", "{e572b5aa-be77-8a13-930a-6f804d495b4a}"
EndProject
Project("{FAE04EC0-301F-11D3-BF4B-00C04F79EFBC}") = "Unity.XR.Interaction.Toolkit.Tests", "Unity.XR.Interaction.Toolkit.Tests.csproj", "{523b2af3-0ecc-4a4e-d8f1-15140efcb1c1}"
EndProject
Project("{FAE04EC0-301F-11D3-BF4B-00C04F79EFBC}") = "SeparateAssembly", "SeparateAssembly.csproj", "{7c7465a6-c439-af72-e751-808e8b1ce2f4}"
EndProject
Project("{FAE04EC0-301F-11D3-BF4B-00C04F79EFBC}") = "OverloadedFunctionPointers", "OverloadedFunctionPointers.csproj", "{6219ef2a-9c70-cd06-8bb1-a6779370ece7}"
EndProject
Global
	GlobalSection(SolutionConfigurationPlatforms) = preSolution
		Debug|Any CPU = Debug|Any CPU
	EndGlobalSection
	GlobalSection(ProjectConfigurationPlatforms) = postSolution
		{79afbacf-dd5c-ca96-0144-e127aac961e7}.Debug|Any CPU.ActiveCfg = Debug|Any CPU
		{79afbacf-dd5c-ca96-0144-e127aac961e7}.Debug|Any CPU.Build.0 = Debug|Any CPU
		{f0d73798-6be3-a6ac-fcdd-f2449ff9ff62}.Debug|Any CPU.ActiveCfg = Debug|Any CPU
		{f0d73798-6be3-a6ac-fcdd-f2449ff9ff62}.Debug|Any CPU.Build.0 = Debug|Any CPU
		{e9ac8f76-2c91-e25e-68e7-dc2d96844eb2}.Debug|Any CPU.ActiveCfg = Debug|Any CPU
		{e9ac8f76-2c91-e25e-68e7-dc2d96844eb2}.Debug|Any CPU.Build.0 = Debug|Any CPU
		{714b9b02-fc27-fe13-ffc3-5ffb6ac368be}.Debug|Any CPU.ActiveCfg = Debug|Any CPU
		{714b9b02-fc27-fe13-ffc3-5ffb6ac368be}.Debug|Any CPU.Build.0 = Debug|Any CPU
		{509eb030-9ddb-476b-4d52-f246ddb4537e}.Debug|Any CPU.ActiveCfg = Debug|Any CPU
		{509eb030-9ddb-476b-4d52-f246ddb4537e}.Debug|Any CPU.Build.0 = Debug|Any CPU
		{5ce224c1-effe-bd2e-ad36-6f2be71a32e7}.Debug|Any CPU.ActiveCfg = Debug|Any CPU
		{5ce224c1-effe-bd2e-ad36-6f2be71a32e7}.Debug|Any CPU.Build.0 = Debug|Any CPU
		{5117f662-d0a1-3489-2ae3-1a90b4cb6590}.Debug|Any CPU.ActiveCfg = Debug|Any CPU
		{5117f662-d0a1-3489-2ae3-1a90b4cb6590}.Debug|Any CPU.Build.0 = Debug|Any CPU
		{996b0f4c-63ff-c7f8-b0ee-736b71557bbd}.Debug|Any CPU.ActiveCfg = Debug|Any CPU
		{996b0f4c-63ff-c7f8-b0ee-736b71557bbd}.Debug|Any CPU.Build.0 = Debug|Any CPU
		{5971991e-9306-aa73-c502-947500ce0827}.Debug|Any CPU.ActiveCfg = Debug|Any CPU
		{5971991e-9306-aa73-c502-947500ce0827}.Debug|Any CPU.Build.0 = Debug|Any CPU
		{577e6957-29c3-6d42-586e-37017bf6ffd9}.Debug|Any CPU.ActiveCfg = Debug|Any CPU
		{577e6957-29c3-6d42-586e-37017bf6ffd9}.Debug|Any CPU.Build.0 = Debug|Any CPU
		{0858ad0b-5f98-1313-ce9c-b227cc108d8a}.Debug|Any CPU.ActiveCfg = Debug|Any CPU
		{0858ad0b-5f98-1313-ce9c-b227cc108d8a}.Debug|Any CPU.Build.0 = Debug|Any CPU
		{6543f3e7-3f81-7947-6810-d441c96c08b8}.Debug|Any CPU.ActiveCfg = Debug|Any CPU
		{6543f3e7-3f81-7947-6810-d441c96c08b8}.Debug|Any CPU.Build.0 = Debug|Any CPU
		{ca13e3d1-7665-a920-b321-3a0db6d8c8e9}.Debug|Any CPU.ActiveCfg = Debug|Any CPU
		{ca13e3d1-7665-a920-b321-3a0db6d8c8e9}.Debug|Any CPU.Build.0 = Debug|Any CPU
		{abce05a2-a697-3558-5905-dd7ff37767af}.Debug|Any CPU.ActiveCfg = Debug|Any CPU
		{abce05a2-a697-3558-5905-dd7ff37767af}.Debug|Any CPU.Build.0 = Debug|Any CPU
		{7b0e2531-be8d-4d42-d151-62725b999b93}.Debug|Any CPU.ActiveCfg = Debug|Any CPU
		{7b0e2531-be8d-4d42-d151-62725b999b93}.Debug|Any CPU.Build.0 = Debug|Any CPU
		{35805938-3c01-e49e-d9cc-26e7e536c7df}.Debug|Any CPU.ActiveCfg = Debug|Any CPU
		{35805938-3c01-e49e-d9cc-26e7e536c7df}.Debug|Any CPU.Build.0 = Debug|Any CPU
		{e6c669b1-d341-1369-4d65-a76363196127}.Debug|Any CPU.ActiveCfg = Debug|Any CPU
		{e6c669b1-d341-1369-4d65-a76363196127}.Debug|Any CPU.Build.0 = Debug|Any CPU
		{d2bdc7e3-6de6-08a9-2bc6-c9e3f9857fb9}.Debug|Any CPU.ActiveCfg = Debug|Any CPU
		{d2bdc7e3-6de6-08a9-2bc6-c9e3f9857fb9}.Debug|Any CPU.Build.0 = Debug|Any CPU
		{0186a7d7-ed9a-cda9-f8ba-63b1ba968f86}.Debug|Any CPU.ActiveCfg = Debug|Any CPU
		{0186a7d7-ed9a-cda9-f8ba-63b1ba968f86}.Debug|Any CPU.Build.0 = Debug|Any CPU
		{32a46a55-2158-1d16-4a37-8b71a716089c}.Debug|Any CPU.ActiveCfg = Debug|Any CPU
		{32a46a55-2158-1d16-4a37-8b71a716089c}.Debug|Any CPU.Build.0 = Debug|Any CPU
		{79948eba-e956-ae83-ab9d-d41186e3ef54}.Debug|Any CPU.ActiveCfg = Debug|Any CPU
		{79948eba-e956-ae83-ab9d-d41186e3ef54}.Debug|Any CPU.Build.0 = Debug|Any CPU
		{33a49392-ddd4-b2e4-1c54-e94b8dc03961}.Debug|Any CPU.ActiveCfg = Debug|Any CPU
		{33a49392-ddd4-b2e4-1c54-e94b8dc03961}.Debug|Any CPU.Build.0 = Debug|Any CPU
		{af4deae2-cd71-3ea8-1394-5f8d919c5f69}.Debug|Any CPU.ActiveCfg = Debug|Any CPU
		{af4deae2-cd71-3ea8-1394-5f8d919c5f69}.Debug|Any CPU.Build.0 = Debug|Any CPU
		{fe44ba1c-e1df-9b63-9258-c6a97686737a}.Debug|Any CPU.ActiveCfg = Debug|Any CPU
		{fe44ba1c-e1df-9b63-9258-c6a97686737a}.Debug|Any CPU.Build.0 = Debug|Any CPU
		{e4a0b8d0-1c91-97c5-8873-da3ac2f41bd9}.Debug|Any CPU.ActiveCfg = Debug|Any CPU
		{e4a0b8d0-1c91-97c5-8873-da3ac2f41bd9}.Debug|Any CPU.Build.0 = Debug|Any CPU
		{e55821b4-ce31-e0c8-159f-4b660881a737}.Debug|Any CPU.ActiveCfg = Debug|Any CPU
		{e55821b4-ce31-e0c8-159f-4b660881a737}.Debug|Any CPU.Build.0 = Debug|Any CPU
		{a96eb2f0-cbe0-0536-a700-515fce72fff8}.Debug|Any CPU.ActiveCfg = Debug|Any CPU
		{a96eb2f0-cbe0-0536-a700-515fce72fff8}.Debug|Any CPU.Build.0 = Debug|Any CPU
		{3a5ee811-7b41-455f-650b-42a736376dce}.Debug|Any CPU.ActiveCfg = Debug|Any CPU
		{3a5ee811-7b41-455f-650b-42a736376dce}.Debug|Any CPU.Build.0 = Debug|Any CPU
		{6a18b7d4-92bf-1264-72c4-5bbbb2fdf662}.Debug|Any CPU.ActiveCfg = Debug|Any CPU
		{6a18b7d4-92bf-1264-72c4-5bbbb2fdf662}.Debug|Any CPU.Build.0 = Debug|Any CPU
		{81d22968-c03d-48e4-bffa-70111b606538}.Debug|Any CPU.ActiveCfg = Debug|Any CPU
		{81d22968-c03d-48e4-bffa-70111b606538}.Debug|Any CPU.Build.0 = Debug|Any CPU
		{ac1fd578-5a28-3930-8150-eca21a7f6625}.Debug|Any CPU.ActiveCfg = Debug|Any CPU
		{ac1fd578-5a28-3930-8150-eca21a7f6625}.Debug|Any CPU.Build.0 = Debug|Any CPU
		{d863ff8d-630d-44f4-b689-045348d8635d}.Debug|Any CPU.ActiveCfg = Debug|Any CPU
		{d863ff8d-630d-44f4-b689-045348d8635d}.Debug|Any CPU.Build.0 = Debug|Any CPU
		{e3bed553-6121-79e3-cd78-3ca6188986a5}.Debug|Any CPU.ActiveCfg = Debug|Any CPU
		{e3bed553-6121-79e3-cd78-3ca6188986a5}.Debug|Any CPU.Build.0 = Debug|Any CPU
		{74de886e-7e76-0775-c320-c4fa177180fa}.Debug|Any CPU.ActiveCfg = Debug|Any CPU
		{74de886e-7e76-0775-c320-c4fa177180fa}.Debug|Any CPU.Build.0 = Debug|Any CPU
		{e56cf825-076d-ecff-d8f9-6e5dc15bd757}.Debug|Any CPU.ActiveCfg = Debug|Any CPU
		{e56cf825-076d-ecff-d8f9-6e5dc15bd757}.Debug|Any CPU.Build.0 = Debug|Any CPU
		{042cf6f7-ae9b-0442-aa62-117dcfc54318}.Debug|Any CPU.ActiveCfg = Debug|Any CPU
		{042cf6f7-ae9b-0442-aa62-117dcfc54318}.Debug|Any CPU.Build.0 = Debug|Any CPU
		{3d9c6216-c323-1b04-0e3d-2c74ecb911a1}.Debug|Any CPU.ActiveCfg = Debug|Any CPU
		{3d9c6216-c323-1b04-0e3d-2c74ecb911a1}.Debug|Any CPU.Build.0 = Debug|Any CPU
		{de468b7f-8fb4-97a7-054f-6e266031c4af}.Debug|Any CPU.ActiveCfg = Debug|Any CPU
		{de468b7f-8fb4-97a7-054f-6e266031c4af}.Debug|Any CPU.Build.0 = Debug|Any CPU
		{3bb378dc-cd82-6e64-08c0-528f89ae73d2}.Debug|Any CPU.ActiveCfg = Debug|Any CPU
		{3bb378dc-cd82-6e64-08c0-528f89ae73d2}.Debug|Any CPU.Build.0 = Debug|Any CPU
		{59413d97-3ebc-09c6-5a84-63c17ba78c7b}.Debug|Any CPU.ActiveCfg = Debug|Any CPU
		{59413d97-3ebc-09c6-5a84-63c17ba78c7b}.Debug|Any CPU.Build.0 = Debug|Any CPU
		{75e47622-6150-15b5-36f7-3e516fd6a603}.Debug|Any CPU.ActiveCfg = Debug|Any CPU
		{75e47622-6150-15b5-36f7-3e516fd6a603}.Debug|Any CPU.Build.0 = Debug|Any CPU
		{0f18290c-6475-d96c-86da-546948db1c7d}.Debug|Any CPU.ActiveCfg = Debug|Any CPU
		{0f18290c-6475-d96c-86da-546948db1c7d}.Debug|Any CPU.Build.0 = Debug|Any CPU
		{f616e8fb-a1e8-9773-702d-7f052b560286}.Debug|Any CPU.ActiveCfg = Debug|Any CPU
		{f616e8fb-a1e8-9773-702d-7f052b560286}.Debug|Any CPU.Build.0 = Debug|Any CPU
		{3255fdb0-bb31-6d7c-3447-28e18541a310}.Debug|Any CPU.ActiveCfg = Debug|Any CPU
		{3255fdb0-bb31-6d7c-3447-28e18541a310}.Debug|Any CPU.Build.0 = Debug|Any CPU
		{a035f149-bffc-403a-996b-2b7abb57f85b}.Debug|Any CPU.ActiveCfg = Debug|Any CPU
		{a035f149-bffc-403a-996b-2b7abb57f85b}.Debug|Any CPU.Build.0 = Debug|Any CPU
		{f4fd70c6-32e3-e1ef-3167-e66fbf6fd4cb}.Debug|Any CPU.ActiveCfg = Debug|Any CPU
		{f4fd70c6-32e3-e1ef-3167-e66fbf6fd4cb}.Debug|Any CPU.Build.0 = Debug|Any CPU
		{dbf9b450-4cbe-28e7-bc1e-0a0e56fbf36c}.Debug|Any CPU.ActiveCfg = Debug|Any CPU
		{dbf9b450-4cbe-28e7-bc1e-0a0e56fbf36c}.Debug|Any CPU.Build.0 = Debug|Any CPU
		{06257f7f-746a-69af-af22-6dcd684b3ddd}.Debug|Any CPU.ActiveCfg = Debug|Any CPU
		{06257f7f-746a-69af-af22-6dcd684b3ddd}.Debug|Any CPU.Build.0 = Debug|Any CPU
		{513d05d1-a221-662a-431a-ce4abc149087}.Debug|Any CPU.ActiveCfg = Debug|Any CPU
		{513d05d1-a221-662a-431a-ce4abc149087}.Debug|Any CPU.Build.0 = Debug|Any CPU
		{b99a4a26-92e4-d203-c49b-f6e6455302f0}.Debug|Any CPU.ActiveCfg = Debug|Any CPU
		{b99a4a26-92e4-d203-c49b-f6e6455302f0}.Debug|Any CPU.Build.0 = Debug|Any CPU
		{5ee1fb07-d2e5-df48-3b66-1b9d776967ed}.Debug|Any CPU.ActiveCfg = Debug|Any CPU
		{5ee1fb07-d2e5-df48-3b66-1b9d776967ed}.Debug|Any CPU.Build.0 = Debug|Any CPU
		{ae475494-6a77-d13c-0484-9e1f87737d43}.Debug|Any CPU.ActiveCfg = Debug|Any CPU
		{ae475494-6a77-d13c-0484-9e1f87737d43}.Debug|Any CPU.Build.0 = Debug|Any CPU
		{cd0af8cb-2fee-6f33-6b98-ac785ebd1185}.Debug|Any CPU.ActiveCfg = Debug|Any CPU
		{cd0af8cb-2fee-6f33-6b98-ac785ebd1185}.Debug|Any CPU.Build.0 = Debug|Any CPU
		{083c17ba-1e99-8f1c-2709-c760b24bcf1f}.Debug|Any CPU.ActiveCfg = Debug|Any CPU
		{083c17ba-1e99-8f1c-2709-c760b24bcf1f}.Debug|Any CPU.Build.0 = Debug|Any CPU
		{3ed4d3f1-f4e2-ecba-7761-11d00eac7401}.Debug|Any CPU.ActiveCfg = Debug|Any CPU
		{3ed4d3f1-f4e2-ecba-7761-11d00eac7401}.Debug|Any CPU.Build.0 = Debug|Any CPU
		{ac082a28-b43e-2153-0dfa-4a70c02829fd}.Debug|Any CPU.ActiveCfg = Debug|Any CPU
		{ac082a28-b43e-2153-0dfa-4a70c02829fd}.Debug|Any CPU.Build.0 = Debug|Any CPU
		{04fa16dc-8766-8809-3996-f3fe1a687993}.Debug|Any CPU.ActiveCfg = Debug|Any CPU
		{04fa16dc-8766-8809-3996-f3fe1a687993}.Debug|Any CPU.Build.0 = Debug|Any CPU
		{00a1de71-32f2-96e2-9120-0dbfe0ca2d13}.Debug|Any CPU.ActiveCfg = Debug|Any CPU
		{00a1de71-32f2-96e2-9120-0dbfe0ca2d13}.Debug|Any CPU.Build.0 = Debug|Any CPU
		{766b5a63-2b0b-c612-d529-0132964ec2ad}.Debug|Any CPU.ActiveCfg = Debug|Any CPU
		{766b5a63-2b0b-c612-d529-0132964ec2ad}.Debug|Any CPU.Build.0 = Debug|Any CPU
		{56049b63-709c-0a40-f319-ce38238bc02f}.Debug|Any CPU.ActiveCfg = Debug|Any CPU
		{56049b63-709c-0a40-f319-ce38238bc02f}.Debug|Any CPU.Build.0 = Debug|Any CPU
		{38baa9a8-b5c5-3c52-4edc-78f6027f9d55}.Debug|Any CPU.ActiveCfg = Debug|Any CPU
		{38baa9a8-b5c5-3c52-4edc-78f6027f9d55}.Debug|Any CPU.Build.0 = Debug|Any CPU
		{3115e043-3dfd-2e8d-6e88-706206ffee49}.Debug|Any CPU.ActiveCfg = Debug|Any CPU
		{3115e043-3dfd-2e8d-6e88-706206ffee49}.Debug|Any CPU.Build.0 = Debug|Any CPU
		{8dac584c-5312-1b50-0e59-a7124f958bde}.Debug|Any CPU.ActiveCfg = Debug|Any CPU
		{8dac584c-5312-1b50-0e59-a7124f958bde}.Debug|Any CPU.Build.0 = Debug|Any CPU
		{dbfd1f8e-525a-1328-feb1-28889212b2c5}.Debug|Any CPU.ActiveCfg = Debug|Any CPU
		{dbfd1f8e-525a-1328-feb1-28889212b2c5}.Debug|Any CPU.Build.0 = Debug|Any CPU
		{d170b0cf-2c8a-eca4-95a4-77c0c92d2e24}.Debug|Any CPU.ActiveCfg = Debug|Any CPU
		{d170b0cf-2c8a-eca4-95a4-77c0c92d2e24}.Debug|Any CPU.Build.0 = Debug|Any CPU
		{c9e1e594-7ede-c4b3-3d8f-b5be0406d77d}.Debug|Any CPU.ActiveCfg = Debug|Any CPU
		{c9e1e594-7ede-c4b3-3d8f-b5be0406d77d}.Debug|Any CPU.Build.0 = Debug|Any CPU
		{97754c22-9242-e32a-34cf-fbf915856e6f}.Debug|Any CPU.ActiveCfg = Debug|Any CPU
		{97754c22-9242-e32a-34cf-fbf915856e6f}.Debug|Any CPU.Build.0 = Debug|Any CPU
		{55d905b3-e277-9531-ccec-6ecfb4ac254e}.Debug|Any CPU.ActiveCfg = Debug|Any CPU
		{55d905b3-e277-9531-ccec-6ecfb4ac254e}.Debug|Any CPU.Build.0 = Debug|Any CPU
		{310c704b-7749-3890-25bb-0570734fe2e7}.Debug|Any CPU.ActiveCfg = Debug|Any CPU
		{310c704b-7749-3890-25bb-0570734fe2e7}.Debug|Any CPU.Build.0 = Debug|Any CPU
		{6a5f891f-9649-2db8-08e0-edd56466dbb9}.Debug|Any CPU.ActiveCfg = Debug|Any CPU
		{6a5f891f-9649-2db8-08e0-edd56466dbb9}.Debug|Any CPU.Build.0 = Debug|Any CPU
		{443ef3d3-a8c3-21b8-0919-a7d8d339cd9a}.Debug|Any CPU.ActiveCfg = Debug|Any CPU
		{443ef3d3-a8c3-21b8-0919-a7d8d339cd9a}.Debug|Any CPU.Build.0 = Debug|Any CPU
		{dc6a919a-1d20-53af-baa7-3d5842a4cb21}.Debug|Any CPU.ActiveCfg = Debug|Any CPU
		{dc6a919a-1d20-53af-baa7-3d5842a4cb21}.Debug|Any CPU.Build.0 = Debug|Any CPU
		{8a1b22ba-130f-7abe-1844-21b1a83cc541}.Debug|Any CPU.ActiveCfg = Debug|Any CPU
		{8a1b22ba-130f-7abe-1844-21b1a83cc541}.Debug|Any CPU.Build.0 = Debug|Any CPU
		{7996da81-e9e0-05d0-103a-b62702c99267}.Debug|Any CPU.ActiveCfg = Debug|Any CPU
		{7996da81-e9e0-05d0-103a-b62702c99267}.Debug|Any CPU.Build.0 = Debug|Any CPU
		{88164abe-15dc-9ed7-8fec-c752ba8bed84}.Debug|Any CPU.ActiveCfg = Debug|Any CPU
		{88164abe-15dc-9ed7-8fec-c752ba8bed84}.Debug|Any CPU.Build.0 = Debug|Any CPU
		{95048d97-2c8c-aa2a-2b68-244b80a3d5f8}.Debug|Any CPU.ActiveCfg = Debug|Any CPU
		{95048d97-2c8c-aa2a-2b68-244b80a3d5f8}.Debug|Any CPU.Build.0 = Debug|Any CPU
		{72992462-569d-491d-4267-d56c60b00633}.Debug|Any CPU.ActiveCfg = Debug|Any CPU
		{72992462-569d-491d-4267-d56c60b00633}.Debug|Any CPU.Build.0 = Debug|Any CPU
		{cec0f697-bed7-61e4-a5b6-4c06690cd0d5}.Debug|Any CPU.ActiveCfg = Debug|Any CPU
		{cec0f697-bed7-61e4-a5b6-4c06690cd0d5}.Debug|Any CPU.Build.0 = Debug|Any CPU
		{3583d6e5-09e2-12fc-4d30-b3355bee3006}.Debug|Any CPU.ActiveCfg = Debug|Any CPU
		{3583d6e5-09e2-12fc-4d30-b3355bee3006}.Debug|Any CPU.Build.0 = Debug|Any CPU
		{73c2d023-8693-d9ff-3016-f2f76040ee56}.Debug|Any CPU.ActiveCfg = Debug|Any CPU
		{73c2d023-8693-d9ff-3016-f2f76040ee56}.Debug|Any CPU.Build.0 = Debug|Any CPU
		{45fcd962-acce-8db6-3f3b-52e28bb82743}.Debug|Any CPU.ActiveCfg = Debug|Any CPU
		{45fcd962-acce-8db6-3f3b-52e28bb82743}.Debug|Any CPU.Build.0 = Debug|Any CPU
		{31b32ee6-3a73-07f6-f0ab-569970680f62}.Debug|Any CPU.ActiveCfg = Debug|Any CPU
		{31b32ee6-3a73-07f6-f0ab-569970680f62}.Debug|Any CPU.Build.0 = Debug|Any CPU
		{84bc53bf-1fd0-b659-caf7-7f516b37328f}.Debug|Any CPU.ActiveCfg = Debug|Any CPU
		{84bc53bf-1fd0-b659-caf7-7f516b37328f}.Debug|Any CPU.Build.0 = Debug|Any CPU
		{5fba2a4d-26e6-dcc5-7eec-30ed6f7fbbb0}.Debug|Any CPU.ActiveCfg = Debug|Any CPU
		{5fba2a4d-26e6-dcc5-7eec-30ed6f7fbbb0}.Debug|Any CPU.Build.0 = Debug|Any CPU
		{83249286-00a8-20b2-1206-906ade358f8c}.Debug|Any CPU.ActiveCfg = Debug|Any CPU
		{83249286-00a8-20b2-1206-906ade358f8c}.Debug|Any CPU.Build.0 = Debug|Any CPU
		{86c538bf-4d1c-842d-f9f6-e224030d2e4e}.Debug|Any CPU.ActiveCfg = Debug|Any CPU
		{86c538bf-4d1c-842d-f9f6-e224030d2e4e}.Debug|Any CPU.Build.0 = Debug|Any CPU
		{6caadd38-1c63-2b5f-98a8-4c6309235c2e}.Debug|Any CPU.ActiveCfg = Debug|Any CPU
		{6caadd38-1c63-2b5f-98a8-4c6309235c2e}.Debug|Any CPU.Build.0 = Debug|Any CPU
		{80dcfa1e-879b-4257-c836-0cbf20ef4c51}.Debug|Any CPU.ActiveCfg = Debug|Any CPU
		{80dcfa1e-879b-4257-c836-0cbf20ef4c51}.Debug|Any CPU.Build.0 = Debug|Any CPU
		{5bb2d2f6-5c7f-688b-ca7a-de2babc836e2}.Debug|Any CPU.ActiveCfg = Debug|Any CPU
		{5bb2d2f6-5c7f-688b-ca7a-de2babc836e2}.Debug|Any CPU.Build.0 = Debug|Any CPU
		{93b7ab52-a9ee-e50b-cfef-74552a505497}.Debug|Any CPU.ActiveCfg = Debug|Any CPU
		{93b7ab52-a9ee-e50b-cfef-74552a505497}.Debug|Any CPU.Build.0 = Debug|Any CPU
		{64839b54-8c76-dc99-d98c-f7db926497c5}.Debug|Any CPU.ActiveCfg = Debug|Any CPU
		{64839b54-8c76-dc99-d98c-f7db926497c5}.Debug|Any CPU.Build.0 = Debug|Any CPU
		{0a53f05c-fde3-36b3-475a-ccef370d9975}.Debug|Any CPU.ActiveCfg = Debug|Any CPU
		{0a53f05c-fde3-36b3-475a-ccef370d9975}.Debug|Any CPU.Build.0 = Debug|Any CPU
		{31233f51-2f31-e552-623d-158b7e6e7bc6}.Debug|Any CPU.ActiveCfg = Debug|Any CPU
		{31233f51-2f31-e552-623d-158b7e6e7bc6}.Debug|Any CPU.Build.0 = Debug|Any CPU
		{15193bc2-d967-8cf8-e579-e25d37b1a09e}.Debug|Any CPU.ActiveCfg = Debug|Any CPU
		{15193bc2-d967-8cf8-e579-e25d37b1a09e}.Debug|Any CPU.Build.0 = Debug|Any CPU
		{f6c57173-3b4a-05f5-63e9-2f11f1c243cc}.Debug|Any CPU.ActiveCfg = Debug|Any CPU
		{f6c57173-3b4a-05f5-63e9-2f11f1c243cc}.Debug|Any CPU.Build.0 = Debug|Any CPU
		{918b6e7c-9b8b-2480-2dbf-99bc353cd9d8}.Debug|Any CPU.ActiveCfg = Debug|Any CPU
		{918b6e7c-9b8b-2480-2dbf-99bc353cd9d8}.Debug|Any CPU.Build.0 = Debug|Any CPU
		{e1027c10-a82c-7b92-54dd-4af75ce4ccfb}.Debug|Any CPU.ActiveCfg = Debug|Any CPU
		{e1027c10-a82c-7b92-54dd-4af75ce4ccfb}.Debug|Any CPU.Build.0 = Debug|Any CPU
		{23a1bbc5-e622-bcce-0133-fa3379b62d81}.Debug|Any CPU.ActiveCfg = Debug|Any CPU
		{23a1bbc5-e622-bcce-0133-fa3379b62d81}.Debug|Any CPU.Build.0 = Debug|Any CPU
		{eee934c0-3e32-f57e-38d5-f34d3d6d7edb}.Debug|Any CPU.ActiveCfg = Debug|Any CPU
		{eee934c0-3e32-f57e-38d5-f34d3d6d7edb}.Debug|Any CPU.Build.0 = Debug|Any CPU
		{dd8d8605-910a-b61b-945f-851543c37626}.Debug|Any CPU.ActiveCfg = Debug|Any CPU
		{dd8d8605-910a-b61b-945f-851543c37626}.Debug|Any CPU.Build.0 = Debug|Any CPU
		{0d215e6c-dad1-f3f1-d8c8-b444eea0b5af}.Debug|Any CPU.ActiveCfg = Debug|Any CPU
		{0d215e6c-dad1-f3f1-d8c8-b444eea0b5af}.Debug|Any CPU.Build.0 = Debug|Any CPU
		{1b85a75a-d4fc-7837-463a-c885faef232b}.Debug|Any CPU.ActiveCfg = Debug|Any CPU
		{1b85a75a-d4fc-7837-463a-c885faef232b}.Debug|Any CPU.Build.0 = Debug|Any CPU
		{b6d66797-8e27-b933-09b7-ea35ba51f352}.Debug|Any CPU.ActiveCfg = Debug|Any CPU
		{b6d66797-8e27-b933-09b7-ea35ba51f352}.Debug|Any CPU.Build.0 = Debug|Any CPU
		{be020107-d687-b9d4-4d79-1f46799ec2e5}.Debug|Any CPU.ActiveCfg = Debug|Any CPU
		{be020107-d687-b9d4-4d79-1f46799ec2e5}.Debug|Any CPU.Build.0 = Debug|Any CPU
		{62431b05-dedb-ef0a-8be1-b079a00039e3}.Debug|Any CPU.ActiveCfg = Debug|Any CPU
		{62431b05-dedb-ef0a-8be1-b079a00039e3}.Debug|Any CPU.Build.0 = Debug|Any CPU
		{951195ce-d5e7-fab4-5430-68305662b99e}.Debug|Any CPU.ActiveCfg = Debug|Any CPU
		{951195ce-d5e7-fab4-5430-68305662b99e}.Debug|Any CPU.Build.0 = Debug|Any CPU
		{a39f0e77-0714-f797-25b6-68c392b106dd}.Debug|Any CPU.ActiveCfg = Debug|Any CPU
		{a39f0e77-0714-f797-25b6-68c392b106dd}.Debug|Any CPU.Build.0 = Debug|Any CPU
		{8a650fa5-93b1-a81a-f376-71662070c02f}.Debug|Any CPU.ActiveCfg = Debug|Any CPU
		{8a650fa5-93b1-a81a-f376-71662070c02f}.Debug|Any CPU.Build.0 = Debug|Any CPU
		{add35a07-9537-4cd1-5e47-43d9b450de76}.Debug|Any CPU.ActiveCfg = Debug|Any CPU
		{add35a07-9537-4cd1-5e47-43d9b450de76}.Debug|Any CPU.Build.0 = Debug|Any CPU
		{e572b5aa-be77-8a13-930a-6f804d495b4a}.Debug|Any CPU.ActiveCfg = Debug|Any CPU
		{e572b5aa-be77-8a13-930a-6f804d495b4a}.Debug|Any CPU.Build.0 = Debug|Any CPU
		{523b2af3-0ecc-4a4e-d8f1-15140efcb1c1}.Debug|Any CPU.ActiveCfg = Debug|Any CPU
		{523b2af3-0ecc-4a4e-d8f1-15140efcb1c1}.Debug|Any CPU.Build.0 = Debug|Any CPU
		{7c7465a6-c439-af72-e751-808e8b1ce2f4}.Debug|Any CPU.ActiveCfg = Debug|Any CPU
		{7c7465a6-c439-af72-e751-808e8b1ce2f4}.Debug|Any CPU.Build.0 = Debug|Any CPU
		{6219ef2a-9c70-cd06-8bb1-a6779370ece7}.Debug|Any CPU.ActiveCfg = Debug|Any CPU
		{6219ef2a-9c70-cd06-8bb1-a6779370ece7}.Debug|Any CPU.Build.0 = Debug|Any CPU
	EndGlobalSection
	GlobalSection(SolutionProperties) = preSolution
		HideSolutionNode = FALSE
	EndGlobalSection
EndGlobal
